// !$*UTF8*$!
{
	archiveVersion = 1;
	classes = {
	};
	objectVersion = 50;
	objects = {

/* Begin PBXBuildFile section */
		EB002D20218CB83700A89806 /* ListBuilder.swift in Sources */ = {isa = PBXBuildFile; fileRef = EB002D1F218CB83700A89806 /* ListBuilder.swift */; };
		EB002D24218CBF9400A89806 /* ListRouter.swift in Sources */ = {isa = PBXBuildFile; fileRef = EB002D23218CBF9400A89806 /* ListRouter.swift */; };
		EB002D26218CC05C00A89806 /* WordBuilder.swift in Sources */ = {isa = PBXBuildFile; fileRef = EB002D25218CC05C00A89806 /* WordBuilder.swift */; };
		EB002D29218CC34100A89806 /* TransitionHandler.swift in Sources */ = {isa = PBXBuildFile; fileRef = EB002D28218CC34100A89806 /* TransitionHandler.swift */; };
		EB002D2B218CC46B00A89806 /* Controller+TransitionHandler.swift in Sources */ = {isa = PBXBuildFile; fileRef = EB002D2A218CC46B00A89806 /* Controller+TransitionHandler.swift */; };
		EB002D2D218CC8CC00A89806 /* ListDataSource.swift in Sources */ = {isa = PBXBuildFile; fileRef = EB002D2C218CC8CC00A89806 /* ListDataSource.swift */; };
		EB1CD98721962579005E9BB8 /* MainBuilder.swift in Sources */ = {isa = PBXBuildFile; fileRef = EB1CD98621962579005E9BB8 /* MainBuilder.swift */; };
		EB1CD98B219F2FF3005E9BB8 /* MainViewController.swift in Sources */ = {isa = PBXBuildFile; fileRef = EB1CD98A219F2FF3005E9BB8 /* MainViewController.swift */; };
		EB1CD98E21A07ED8005E9BB8 /* RecentsBuilder.swift in Sources */ = {isa = PBXBuildFile; fileRef = EB1CD98D21A07ED8005E9BB8 /* RecentsBuilder.swift */; };
		EB1CD99021A07EED005E9BB8 /* RecentsViewController.swift in Sources */ = {isa = PBXBuildFile; fileRef = EB1CD98F21A07EED005E9BB8 /* RecentsViewController.swift */; };
		EB1CD99221A08089005E9BB8 /* RecentsView.xib in Resources */ = {isa = PBXBuildFile; fileRef = EB1CD99121A08089005E9BB8 /* RecentsView.xib */; };
		EB1CD99521A08642005E9BB8 /* GridView.xib in Resources */ = {isa = PBXBuildFile; fileRef = EB1CD99421A08642005E9BB8 /* GridView.xib */; };
		EB1CD99721A0865B005E9BB8 /* GridBuilder.swift in Sources */ = {isa = PBXBuildFile; fileRef = EB1CD99621A0865B005E9BB8 /* GridBuilder.swift */; };
		EB1CD99921A0868E005E9BB8 /* GridViewController.swift in Sources */ = {isa = PBXBuildFile; fileRef = EB1CD99821A0868E005E9BB8 /* GridViewController.swift */; };
		EB214F1922182A6B00D1C3A0 /* SaveAlertController.swift in Sources */ = {isa = PBXBuildFile; fileRef = EB214F1822182A6B00D1C3A0 /* SaveAlertController.swift */; };
		EB214F1E2218BD3300D1C3A0 /* XmlService.swift in Sources */ = {isa = PBXBuildFile; fileRef = EB214F1D2218BD3300D1C3A0 /* XmlService.swift */; };
		EB214F202218C21400D1C3A0 /* Document.swift in Sources */ = {isa = PBXBuildFile; fileRef = EB214F1F2218C21400D1C3A0 /* Document.swift */; };
		EB214F222218C24000D1C3A0 /* Element.swift in Sources */ = {isa = PBXBuildFile; fileRef = EB214F212218C24000D1C3A0 /* Element.swift */; };
		EB214F242218C25800D1C3A0 /* Error.swift in Sources */ = {isa = PBXBuildFile; fileRef = EB214F232218C25800D1C3A0 /* Error.swift */; };
		EB214F262218C26B00D1C3A0 /* Options.swift in Sources */ = {isa = PBXBuildFile; fileRef = EB214F252218C26B00D1C3A0 /* Options.swift */; };
		EB214F282218C28100D1C3A0 /* Parser.swift in Sources */ = {isa = PBXBuildFile; fileRef = EB214F272218C28100D1C3A0 /* Parser.swift */; };
		EB214F2A2218D7FE00D1C3A0 /* RoundButton.swift in Sources */ = {isa = PBXBuildFile; fileRef = EB214F292218D7FE00D1C3A0 /* RoundButton.swift */; };
		EB214F2E221980AB00D1C3A0 /* NewBuilder.swift in Sources */ = {isa = PBXBuildFile; fileRef = EB214F2D221980AB00D1C3A0 /* NewBuilder.swift */; };
		EB214F352219840100D1C3A0 /* HelpBuilder.swift in Sources */ = {isa = PBXBuildFile; fileRef = EB214F342219840100D1C3A0 /* HelpBuilder.swift */; };
		EB214F382219840F00D1C3A0 /* HelpViewController.swift in Sources */ = {isa = PBXBuildFile; fileRef = EB214F362219840F00D1C3A0 /* HelpViewController.swift */; };
		EB214F392219840F00D1C3A0 /* HelpViewController.xib in Resources */ = {isa = PBXBuildFile; fileRef = EB214F372219840F00D1C3A0 /* HelpViewController.xib */; };
		EB21C4F521876DBF0074A21B /* String+IsEmptyOrWhitespace.swift in Sources */ = {isa = PBXBuildFile; fileRef = EB21C4F421876DBF0074A21B /* String+IsEmptyOrWhitespace.swift */; };
		EB21C4FB218771A30074A21B /* Word.swift in Sources */ = {isa = PBXBuildFile; fileRef = EB21C4FA218771A30074A21B /* Word.swift */; };
		EB21C5022187893A0074A21B /* ListViewCell.swift in Sources */ = {isa = PBXBuildFile; fileRef = EB21C5002187893A0074A21B /* ListViewCell.swift */; };
		EB21C5032187893A0074A21B /* ListViewCell.xib in Resources */ = {isa = PBXBuildFile; fileRef = EB21C5012187893A0074A21B /* ListViewCell.xib */; };
		EB2734252206E6B700ABAC20 /* Array2D.swift in Sources */ = {isa = PBXBuildFile; fileRef = EB2734242206E6B700ABAC20 /* Array2D.swift */; };
		EB2734272206E6BE00ABAC20 /* ArrayShuffle.swift in Sources */ = {isa = PBXBuildFile; fileRef = EB2734262206E6BE00ABAC20 /* ArrayShuffle.swift */; };
		EB2734292206E6C300ABAC20 /* CrosswordsGenerator.swift in Sources */ = {isa = PBXBuildFile; fileRef = EB2734282206E6C300ABAC20 /* CrosswordsGenerator.swift */; };
		EB27342B2206F58A00ABAC20 /* String+Subscript.swift in Sources */ = {isa = PBXBuildFile; fileRef = EB27342A2206F58A00ABAC20 /* String+Subscript.swift */; };
		EB27342F2206FCBB00ABAC20 /* ScrollViewImager.swift in Sources */ = {isa = PBXBuildFile; fileRef = EB27342E2206FCBB00ABAC20 /* ScrollViewImager.swift */; };
		EB30560021F8ECEA00E9F6EE /* GridViewCell.swift in Sources */ = {isa = PBXBuildFile; fileRef = EB3055FE21F8ECEA00E9F6EE /* GridViewCell.swift */; };
		EB30560121F8ECEA00E9F6EE /* GridViewCell.xib in Resources */ = {isa = PBXBuildFile; fileRef = EB3055FF21F8ECEA00E9F6EE /* GridViewCell.xib */; };
		EB30560521F8F1B700E9F6EE /* NodeLayout.swift in Sources */ = {isa = PBXBuildFile; fileRef = EB30560421F8F1B700E9F6EE /* NodeLayout.swift */; };
		EB3CBF4A2233DB130043E8FB /* ShortcutIdentifier.swift in Sources */ = {isa = PBXBuildFile; fileRef = EB3CBF492233DB130043E8FB /* ShortcutIdentifier.swift */; };
		EB3CBF4C2233EBF10043E8FB /* ISO8601DateFormatter.swift in Sources */ = {isa = PBXBuildFile; fileRef = EB3CBF4B2233EBF10043E8FB /* ISO8601DateFormatter.swift */; };
		EB3CBF4E2233EBF80043E8FB /* XMLKey.swift in Sources */ = {isa = PBXBuildFile; fileRef = EB3CBF4D2233EBF80043E8FB /* XMLKey.swift */; };
		EB3CBF502233EC010043E8FB /* XMLStackParser.swift in Sources */ = {isa = PBXBuildFile; fileRef = EB3CBF4F2233EC010043E8FB /* XMLStackParser.swift */; };
		EB3CBF582233EC300043E8FB /* DecodingErrorExtension.swift in Sources */ = {isa = PBXBuildFile; fileRef = EB3CBF572233EC300043E8FB /* DecodingErrorExtension.swift */; };
		EB3CBF5A2233EC330043E8FB /* XMLDecoder.swift in Sources */ = {isa = PBXBuildFile; fileRef = EB3CBF592233EC330043E8FB /* XMLDecoder.swift */; };
		EB3CBF5C2233EC350043E8FB /* XMLDecodingStorage.swift in Sources */ = {isa = PBXBuildFile; fileRef = EB3CBF5B2233EC350043E8FB /* XMLDecodingStorage.swift */; };
		EB3CBF5E2233EC380043E8FB /* XMLKeyedDecodingContainer.swift in Sources */ = {isa = PBXBuildFile; fileRef = EB3CBF5D2233EC380043E8FB /* XMLKeyedDecodingContainer.swift */; };
		EB3CBF602233EC3B0043E8FB /* XMLUnkeyedDecodingContainer.swift in Sources */ = {isa = PBXBuildFile; fileRef = EB3CBF5F2233EC3B0043E8FB /* XMLUnkeyedDecodingContainer.swift */; };
		EB3CBF632233ED3C0043E8FB /* RAWWord.swift in Sources */ = {isa = PBXBuildFile; fileRef = EB3CBF622233ED3C0043E8FB /* RAWWord.swift */; };
		EB3CBF652233F0210043E8FB /* XMLEncoder.swift in Sources */ = {isa = PBXBuildFile; fileRef = EB3CBF642233F0210043E8FB /* XMLEncoder.swift */; };
		EB3CBF672233F0250043E8FB /* XMLEncodingStorage.swift in Sources */ = {isa = PBXBuildFile; fileRef = EB3CBF662233F0250043E8FB /* XMLEncodingStorage.swift */; };
		EB3CBF692233F0290043E8FB /* XMLReferencingEncoder.swift in Sources */ = {isa = PBXBuildFile; fileRef = EB3CBF682233F0290043E8FB /* XMLReferencingEncoder.swift */; };
		EB3CBF6B2233F02D0043E8FB /* EncodingErrorExtension.swift in Sources */ = {isa = PBXBuildFile; fileRef = EB3CBF6A2233F02D0043E8FB /* EncodingErrorExtension.swift */; };
		EB3CBF6F223425A10043E8FB /* FillViewController.swift in Sources */ = {isa = PBXBuildFile; fileRef = EB3CBF6D223425A10043E8FB /* FillViewController.swift */; };
		EB3CBF70223425A10043E8FB /* FillView.xib in Resources */ = {isa = PBXBuildFile; fileRef = EB3CBF6E223425A10043E8FB /* FillView.xib */; };
		EB3CBF72223427380043E8FB /* FillRouter.swift in Sources */ = {isa = PBXBuildFile; fileRef = EB3CBF71223427380043E8FB /* FillRouter.swift */; };
		EB3CBF742234274C0043E8FB /* FillBuilder.swift in Sources */ = {isa = PBXBuildFile; fileRef = EB3CBF732234274C0043E8FB /* FillBuilder.swift */; };
		EB3CBF762234275E0043E8FB /* FillDataSource.swift in Sources */ = {isa = PBXBuildFile; fileRef = EB3CBF752234275E0043E8FB /* FillDataSource.swift */; };
		EB3CBF792234311A0043E8FB /* AlertsFactory.swift in Sources */ = {isa = PBXBuildFile; fileRef = EB3CBF782234311A0043E8FB /* AlertsFactory.swift */; };
		EB3CBF7D223478020043E8FB /* RollBuilder.swift in Sources */ = {isa = PBXBuildFile; fileRef = EB3CBF7C223478020043E8FB /* RollBuilder.swift */; };
		EB3CBF802234785F0043E8FB /* RollViewController.swift in Sources */ = {isa = PBXBuildFile; fileRef = EB3CBF7E2234785F0043E8FB /* RollViewController.swift */; };
		EB3CBF812234785F0043E8FB /* RollView.xib in Resources */ = {isa = PBXBuildFile; fileRef = EB3CBF7F2234785F0043E8FB /* RollView.xib */; };
		EB3CBF88223B32250043E8FB /* RecentsCell.swift in Sources */ = {isa = PBXBuildFile; fileRef = EB3CBF86223B32250043E8FB /* RecentsCell.swift */; };
		EB3CBF89223B32250043E8FB /* RecentsCell.xib in Resources */ = {isa = PBXBuildFile; fileRef = EB3CBF87223B32250043E8FB /* RecentsCell.xib */; };
		EB3CBF8B223B389E0043E8FB /* RecentsRouter.swift in Sources */ = {isa = PBXBuildFile; fileRef = EB3CBF8A223B389E0043E8FB /* RecentsRouter.swift */; };
		EB3CBF8D223B3DA70043E8FB /* FileExtension.swift in Sources */ = {isa = PBXBuildFile; fileRef = EB3CBF8C223B3DA70043E8FB /* FileExtension.swift */; };
		EB632E2822634037004359A1 /* CreationBuilder.swift in Sources */ = {isa = PBXBuildFile; fileRef = EB632E2722634037004359A1 /* CreationBuilder.swift */; };
		EB632E2B22634282004359A1 /* CreationViewController.swift in Sources */ = {isa = PBXBuildFile; fileRef = EB632E2922634282004359A1 /* CreationViewController.swift */; };
		EB632E2C22634282004359A1 /* CreationView.xib in Resources */ = {isa = PBXBuildFile; fileRef = EB632E2A22634282004359A1 /* CreationView.xib */; };
		EB632E2E22634DDE004359A1 /* CreationRouter.swift in Sources */ = {isa = PBXBuildFile; fileRef = EB632E2D22634DDE004359A1 /* CreationRouter.swift */; };
		EB632E3022635594004359A1 /* Array+Diff.swift in Sources */ = {isa = PBXBuildFile; fileRef = EB632E2F22635594004359A1 /* Array+Diff.swift */; };
		EB632E3322639209004359A1 /* WordViewController.swift in Sources */ = {isa = PBXBuildFile; fileRef = EB632E3122639209004359A1 /* WordViewController.swift */; };
		EB632E3422639209004359A1 /* WordView.xib in Resources */ = {isa = PBXBuildFile; fileRef = EB632E3222639209004359A1 /* WordView.xib */; };
		EB632E362263A0B1004359A1 /* Controller+HideKeyboard.swift in Sources */ = {isa = PBXBuildFile; fileRef = EB632E352263A0B1004359A1 /* Controller+HideKeyboard.swift */; };
		EB6DFD1B2257E1920058C83A /* RollCell.swift in Sources */ = {isa = PBXBuildFile; fileRef = EB6DFD192257E1920058C83A /* RollCell.swift */; };
		EB6DFD1C2257E1920058C83A /* RollCell.xib in Resources */ = {isa = PBXBuildFile; fileRef = EB6DFD1A2257E1920058C83A /* RollCell.xib */; };
		EB7817D9217A1FFF00BA9D50 /* AppDelegate.swift in Sources */ = {isa = PBXBuildFile; fileRef = EB7817D8217A1FFF00BA9D50 /* AppDelegate.swift */; };
		EB7817DB217A1FFF00BA9D50 /* ListViewController.swift in Sources */ = {isa = PBXBuildFile; fileRef = EB7817DA217A1FFF00BA9D50 /* ListViewController.swift */; };
		EB7817E0217A200000BA9D50 /* Assets.xcassets in Resources */ = {isa = PBXBuildFile; fileRef = EB7817DF217A200000BA9D50 /* Assets.xcassets */; };
		EB7817E3217A200000BA9D50 /* LaunchScreen.storyboard in Resources */ = {isa = PBXBuildFile; fileRef = EB7817E1217A200000BA9D50 /* LaunchScreen.storyboard */; };
		EB7817ED217A244C00BA9D50 /* ListView.xib in Resources */ = {isa = PBXBuildFile; fileRef = EB7817EC217A244C00BA9D50 /* ListView.xib */; };
		EB7A57B521E87CAD001E72D2 /* GridDataSource.swift in Sources */ = {isa = PBXBuildFile; fileRef = EB7A57B421E87CAD001E72D2 /* GridDataSource.swift */; };
		EB8FBBE02217AAE900F92DDE /* GridInteractor.swift in Sources */ = {isa = PBXBuildFile; fileRef = EB8FBBDF2217AAE900F92DDE /* GridInteractor.swift */; };
		EB8FBBE22217B6C000F92DDE /* RecentsInteractor.swift in Sources */ = {isa = PBXBuildFile; fileRef = EB8FBBE12217B6C000F92DDE /* RecentsInteractor.swift */; };
		EB8FBBE42217CB2300F92DDE /* CoreDataCoreSpotlightDelegate.swift in Sources */ = {isa = PBXBuildFile; fileRef = EB8FBBE32217CB2300F92DDE /* CoreDataCoreSpotlightDelegate.swift */; };
		EBD4D886218CDEAB009028B5 /* Model.xcdatamodeld in Sources */ = {isa = PBXBuildFile; fileRef = EBD4D884218CDEAB009028B5 /* Model.xcdatamodeld */; };
		EBE6B8682194D6CC00B59EE5 /* PersistanceManager.swift in Sources */ = {isa = PBXBuildFile; fileRef = EBE6B8672194D6CC00B59EE5 /* PersistanceManager.swift */; };
		EBE6B86A2194D94D00B59EE5 /* ListInteractor.swift in Sources */ = {isa = PBXBuildFile; fileRef = EBE6B8692194D94D00B59EE5 /* ListInteractor.swift */; };
		EBE867F822416D0E004531E5 /* FillAlertController.swift in Sources */ = {isa = PBXBuildFile; fileRef = EBE867F722416D0E004531E5 /* FillAlertController.swift */; };
		EBE8680322417BDF004531E5 /* ShareBuilder.swift in Sources */ = {isa = PBXBuildFile; fileRef = EBE8680222417BDF004531E5 /* ShareBuilder.swift */; };
		EBE9B011222C4EC60007FA91 /* NewRouter.swift in Sources */ = {isa = PBXBuildFile; fileRef = EBE9B010222C4EC60007FA91 /* NewRouter.swift */; };
		EBE9B013222C57800007FA91 /* GridRouter.swift in Sources */ = {isa = PBXBuildFile; fileRef = EBE9B012222C57800007FA91 /* GridRouter.swift */; };
		EBF1EBCD225D214200BBA28D /* NewAlertController.swift in Sources */ = {isa = PBXBuildFile; fileRef = EBF1EBCC225D214200BBA28D /* NewAlertController.swift */; };
		EBF1EBD7225D2DC500BBA28D /* TermsBuilder.swift in Sources */ = {isa = PBXBuildFile; fileRef = EBF1EBD6225D2DC500BBA28D /* TermsBuilder.swift */; };
		EBF1EBDA225D2DEC00BBA28D /* TermsViewController.swift in Sources */ = {isa = PBXBuildFile; fileRef = EBF1EBD8225D2DEC00BBA28D /* TermsViewController.swift */; };
		EBF1EBDB225D2DEC00BBA28D /* TermsView.xib in Resources */ = {isa = PBXBuildFile; fileRef = EBF1EBD9225D2DEC00BBA28D /* TermsView.xib */; };
		EBF1EBDD225D304600BBA28D /* TermsRouter.swift in Sources */ = {isa = PBXBuildFile; fileRef = EBF1EBDC225D304600BBA28D /* TermsRouter.swift */; };
		EBF1EBDF225D32DD00BBA28D /* Table+Empty.swift in Sources */ = {isa = PBXBuildFile; fileRef = EBF1EBDE225D32DD00BBA28D /* Table+Empty.swift */; };
		EBF1EBE1225D446D00BBA28D /* SubtitleTableViewCell.swift in Sources */ = {isa = PBXBuildFile; fileRef = EBF1EBE0225D446C00BBA28D /* SubtitleTableViewCell.swift */; };
		EBF1EBE3225D4E2E00BBA28D /* RecentsModuleIO.swift in Sources */ = {isa = PBXBuildFile; fileRef = EBF1EBE2225D4E2E00BBA28D /* RecentsModuleIO.swift */; };
/* End PBXBuildFile section */

/* Begin PBXFileReference section */
		EB002D1F218CB83700A89806 /* ListBuilder.swift */ = {isa = PBXFileReference; lastKnownFileType = sourcecode.swift; path = ListBuilder.swift; sourceTree = "<group>"; };
		EB002D23218CBF9400A89806 /* ListRouter.swift */ = {isa = PBXFileReference; lastKnownFileType = sourcecode.swift; path = ListRouter.swift; sourceTree = "<group>"; };
		EB002D25218CC05C00A89806 /* WordBuilder.swift */ = {isa = PBXFileReference; lastKnownFileType = sourcecode.swift; path = WordBuilder.swift; sourceTree = "<group>"; };
		EB002D28218CC34100A89806 /* TransitionHandler.swift */ = {isa = PBXFileReference; lastKnownFileType = sourcecode.swift; path = TransitionHandler.swift; sourceTree = "<group>"; };
		EB002D2A218CC46B00A89806 /* Controller+TransitionHandler.swift */ = {isa = PBXFileReference; lastKnownFileType = sourcecode.swift; path = "Controller+TransitionHandler.swift"; sourceTree = "<group>"; };
		EB002D2C218CC8CC00A89806 /* ListDataSource.swift */ = {isa = PBXFileReference; lastKnownFileType = sourcecode.swift; path = ListDataSource.swift; sourceTree = "<group>"; };
		EB1CD98621962579005E9BB8 /* MainBuilder.swift */ = {isa = PBXFileReference; lastKnownFileType = sourcecode.swift; path = MainBuilder.swift; sourceTree = "<group>"; };
		EB1CD98A219F2FF3005E9BB8 /* MainViewController.swift */ = {isa = PBXFileReference; lastKnownFileType = sourcecode.swift; path = MainViewController.swift; sourceTree = "<group>"; };
		EB1CD98D21A07ED8005E9BB8 /* RecentsBuilder.swift */ = {isa = PBXFileReference; lastKnownFileType = sourcecode.swift; path = RecentsBuilder.swift; sourceTree = "<group>"; };
		EB1CD98F21A07EED005E9BB8 /* RecentsViewController.swift */ = {isa = PBXFileReference; lastKnownFileType = sourcecode.swift; path = RecentsViewController.swift; sourceTree = "<group>"; };
		EB1CD99121A08089005E9BB8 /* RecentsView.xib */ = {isa = PBXFileReference; lastKnownFileType = file.xib; path = RecentsView.xib; sourceTree = "<group>"; };
		EB1CD99421A08642005E9BB8 /* GridView.xib */ = {isa = PBXFileReference; lastKnownFileType = file.xib; path = GridView.xib; sourceTree = "<group>"; };
		EB1CD99621A0865B005E9BB8 /* GridBuilder.swift */ = {isa = PBXFileReference; lastKnownFileType = sourcecode.swift; path = GridBuilder.swift; sourceTree = "<group>"; };
		EB1CD99821A0868E005E9BB8 /* GridViewController.swift */ = {isa = PBXFileReference; lastKnownFileType = sourcecode.swift; path = GridViewController.swift; sourceTree = "<group>"; };
		EB214F1822182A6B00D1C3A0 /* SaveAlertController.swift */ = {isa = PBXFileReference; lastKnownFileType = sourcecode.swift; path = SaveAlertController.swift; sourceTree = "<group>"; };
		EB214F1D2218BD3300D1C3A0 /* XmlService.swift */ = {isa = PBXFileReference; lastKnownFileType = sourcecode.swift; path = XmlService.swift; sourceTree = "<group>"; };
		EB214F1F2218C21400D1C3A0 /* Document.swift */ = {isa = PBXFileReference; lastKnownFileType = sourcecode.swift; path = Document.swift; sourceTree = "<group>"; };
		EB214F212218C24000D1C3A0 /* Element.swift */ = {isa = PBXFileReference; lastKnownFileType = sourcecode.swift; path = Element.swift; sourceTree = "<group>"; };
		EB214F232218C25800D1C3A0 /* Error.swift */ = {isa = PBXFileReference; lastKnownFileType = sourcecode.swift; path = Error.swift; sourceTree = "<group>"; };
		EB214F252218C26B00D1C3A0 /* Options.swift */ = {isa = PBXFileReference; lastKnownFileType = sourcecode.swift; path = Options.swift; sourceTree = "<group>"; };
		EB214F272218C28100D1C3A0 /* Parser.swift */ = {isa = PBXFileReference; lastKnownFileType = sourcecode.swift; path = Parser.swift; sourceTree = "<group>"; };
		EB214F292218D7FE00D1C3A0 /* RoundButton.swift */ = {isa = PBXFileReference; lastKnownFileType = sourcecode.swift; path = RoundButton.swift; sourceTree = "<group>"; };
		EB214F2D221980AB00D1C3A0 /* NewBuilder.swift */ = {isa = PBXFileReference; lastKnownFileType = sourcecode.swift; path = NewBuilder.swift; sourceTree = "<group>"; };
		EB214F342219840100D1C3A0 /* HelpBuilder.swift */ = {isa = PBXFileReference; lastKnownFileType = sourcecode.swift; path = HelpBuilder.swift; sourceTree = "<group>"; };
		EB214F362219840F00D1C3A0 /* HelpViewController.swift */ = {isa = PBXFileReference; lastKnownFileType = sourcecode.swift; path = HelpViewController.swift; sourceTree = "<group>"; };
		EB214F372219840F00D1C3A0 /* HelpViewController.xib */ = {isa = PBXFileReference; lastKnownFileType = file.xib; path = HelpViewController.xib; sourceTree = "<group>"; };
		EB21C4F421876DBF0074A21B /* String+IsEmptyOrWhitespace.swift */ = {isa = PBXFileReference; lastKnownFileType = sourcecode.swift; path = "String+IsEmptyOrWhitespace.swift"; sourceTree = "<group>"; };
		EB21C4FA218771A30074A21B /* Word.swift */ = {isa = PBXFileReference; lastKnownFileType = sourcecode.swift; path = Word.swift; sourceTree = "<group>"; };
		EB21C5002187893A0074A21B /* ListViewCell.swift */ = {isa = PBXFileReference; lastKnownFileType = sourcecode.swift; path = ListViewCell.swift; sourceTree = "<group>"; };
		EB21C5012187893A0074A21B /* ListViewCell.xib */ = {isa = PBXFileReference; lastKnownFileType = file.xib; path = ListViewCell.xib; sourceTree = "<group>"; };
		EB2734242206E6B700ABAC20 /* Array2D.swift */ = {isa = PBXFileReference; fileEncoding = 4; lastKnownFileType = sourcecode.swift; path = Array2D.swift; sourceTree = "<group>"; };
		EB2734262206E6BE00ABAC20 /* ArrayShuffle.swift */ = {isa = PBXFileReference; fileEncoding = 4; lastKnownFileType = sourcecode.swift; path = ArrayShuffle.swift; sourceTree = "<group>"; };
		EB2734282206E6C300ABAC20 /* CrosswordsGenerator.swift */ = {isa = PBXFileReference; fileEncoding = 4; lastKnownFileType = sourcecode.swift; path = CrosswordsGenerator.swift; sourceTree = "<group>"; };
		EB27342A2206F58A00ABAC20 /* String+Subscript.swift */ = {isa = PBXFileReference; lastKnownFileType = sourcecode.swift; path = "String+Subscript.swift"; sourceTree = "<group>"; };
		EB27342E2206FCBB00ABAC20 /* ScrollViewImager.swift */ = {isa = PBXFileReference; lastKnownFileType = sourcecode.swift; path = ScrollViewImager.swift; sourceTree = "<group>"; };
		EB3055FE21F8ECEA00E9F6EE /* GridViewCell.swift */ = {isa = PBXFileReference; lastKnownFileType = sourcecode.swift; path = GridViewCell.swift; sourceTree = "<group>"; };
		EB3055FF21F8ECEA00E9F6EE /* GridViewCell.xib */ = {isa = PBXFileReference; lastKnownFileType = file.xib; path = GridViewCell.xib; sourceTree = "<group>"; };
		EB30560421F8F1B700E9F6EE /* NodeLayout.swift */ = {isa = PBXFileReference; lastKnownFileType = sourcecode.swift; path = NodeLayout.swift; sourceTree = "<group>"; };
		EB3CBF492233DB130043E8FB /* ShortcutIdentifier.swift */ = {isa = PBXFileReference; lastKnownFileType = sourcecode.swift; path = ShortcutIdentifier.swift; sourceTree = "<group>"; };
		EB3CBF4B2233EBF10043E8FB /* ISO8601DateFormatter.swift */ = {isa = PBXFileReference; fileEncoding = 4; lastKnownFileType = sourcecode.swift; path = ISO8601DateFormatter.swift; sourceTree = "<group>"; };
		EB3CBF4D2233EBF80043E8FB /* XMLKey.swift */ = {isa = PBXFileReference; fileEncoding = 4; lastKnownFileType = sourcecode.swift; path = XMLKey.swift; sourceTree = "<group>"; };
		EB3CBF4F2233EC010043E8FB /* XMLStackParser.swift */ = {isa = PBXFileReference; fileEncoding = 4; lastKnownFileType = sourcecode.swift; path = XMLStackParser.swift; sourceTree = "<group>"; };
		EB3CBF572233EC300043E8FB /* DecodingErrorExtension.swift */ = {isa = PBXFileReference; fileEncoding = 4; lastKnownFileType = sourcecode.swift; path = DecodingErrorExtension.swift; sourceTree = "<group>"; };
		EB3CBF592233EC330043E8FB /* XMLDecoder.swift */ = {isa = PBXFileReference; fileEncoding = 4; lastKnownFileType = sourcecode.swift; path = XMLDecoder.swift; sourceTree = "<group>"; };
		EB3CBF5B2233EC350043E8FB /* XMLDecodingStorage.swift */ = {isa = PBXFileReference; fileEncoding = 4; lastKnownFileType = sourcecode.swift; path = XMLDecodingStorage.swift; sourceTree = "<group>"; };
		EB3CBF5D2233EC380043E8FB /* XMLKeyedDecodingContainer.swift */ = {isa = PBXFileReference; fileEncoding = 4; lastKnownFileType = sourcecode.swift; path = XMLKeyedDecodingContainer.swift; sourceTree = "<group>"; };
		EB3CBF5F2233EC3B0043E8FB /* XMLUnkeyedDecodingContainer.swift */ = {isa = PBXFileReference; fileEncoding = 4; lastKnownFileType = sourcecode.swift; path = XMLUnkeyedDecodingContainer.swift; sourceTree = "<group>"; };
		EB3CBF622233ED3C0043E8FB /* RAWWord.swift */ = {isa = PBXFileReference; lastKnownFileType = sourcecode.swift; path = RAWWord.swift; sourceTree = "<group>"; };
		EB3CBF642233F0210043E8FB /* XMLEncoder.swift */ = {isa = PBXFileReference; fileEncoding = 4; lastKnownFileType = sourcecode.swift; path = XMLEncoder.swift; sourceTree = "<group>"; };
		EB3CBF662233F0250043E8FB /* XMLEncodingStorage.swift */ = {isa = PBXFileReference; fileEncoding = 4; lastKnownFileType = sourcecode.swift; path = XMLEncodingStorage.swift; sourceTree = "<group>"; };
		EB3CBF682233F0290043E8FB /* XMLReferencingEncoder.swift */ = {isa = PBXFileReference; fileEncoding = 4; lastKnownFileType = sourcecode.swift; path = XMLReferencingEncoder.swift; sourceTree = "<group>"; };
		EB3CBF6A2233F02D0043E8FB /* EncodingErrorExtension.swift */ = {isa = PBXFileReference; fileEncoding = 4; lastKnownFileType = sourcecode.swift; path = EncodingErrorExtension.swift; sourceTree = "<group>"; };
		EB3CBF6D223425A10043E8FB /* FillViewController.swift */ = {isa = PBXFileReference; lastKnownFileType = sourcecode.swift; path = FillViewController.swift; sourceTree = "<group>"; };
		EB3CBF6E223425A10043E8FB /* FillView.xib */ = {isa = PBXFileReference; lastKnownFileType = file.xib; path = FillView.xib; sourceTree = "<group>"; };
		EB3CBF71223427380043E8FB /* FillRouter.swift */ = {isa = PBXFileReference; lastKnownFileType = sourcecode.swift; path = FillRouter.swift; sourceTree = "<group>"; };
		EB3CBF732234274C0043E8FB /* FillBuilder.swift */ = {isa = PBXFileReference; lastKnownFileType = sourcecode.swift; path = FillBuilder.swift; sourceTree = "<group>"; };
		EB3CBF752234275E0043E8FB /* FillDataSource.swift */ = {isa = PBXFileReference; lastKnownFileType = sourcecode.swift; path = FillDataSource.swift; sourceTree = "<group>"; };
		EB3CBF782234311A0043E8FB /* AlertsFactory.swift */ = {isa = PBXFileReference; lastKnownFileType = sourcecode.swift; path = AlertsFactory.swift; sourceTree = "<group>"; };
		EB3CBF7C223478020043E8FB /* RollBuilder.swift */ = {isa = PBXFileReference; lastKnownFileType = sourcecode.swift; path = RollBuilder.swift; sourceTree = "<group>"; };
		EB3CBF7E2234785F0043E8FB /* RollViewController.swift */ = {isa = PBXFileReference; lastKnownFileType = sourcecode.swift; path = RollViewController.swift; sourceTree = "<group>"; };
		EB3CBF7F2234785F0043E8FB /* RollView.xib */ = {isa = PBXFileReference; lastKnownFileType = file.xib; path = RollView.xib; sourceTree = "<group>"; };
		EB3CBF86223B32250043E8FB /* RecentsCell.swift */ = {isa = PBXFileReference; lastKnownFileType = sourcecode.swift; path = RecentsCell.swift; sourceTree = "<group>"; };
		EB3CBF87223B32250043E8FB /* RecentsCell.xib */ = {isa = PBXFileReference; lastKnownFileType = file.xib; path = RecentsCell.xib; sourceTree = "<group>"; };
		EB3CBF8A223B389E0043E8FB /* RecentsRouter.swift */ = {isa = PBXFileReference; lastKnownFileType = sourcecode.swift; path = RecentsRouter.swift; sourceTree = "<group>"; };
		EB3CBF8C223B3DA70043E8FB /* FileExtension.swift */ = {isa = PBXFileReference; lastKnownFileType = sourcecode.swift; path = FileExtension.swift; sourceTree = "<group>"; };
		EB632E2722634037004359A1 /* CreationBuilder.swift */ = {isa = PBXFileReference; lastKnownFileType = sourcecode.swift; path = CreationBuilder.swift; sourceTree = "<group>"; };
		EB632E2922634282004359A1 /* CreationViewController.swift */ = {isa = PBXFileReference; lastKnownFileType = sourcecode.swift; path = CreationViewController.swift; sourceTree = "<group>"; };
		EB632E2A22634282004359A1 /* CreationView.xib */ = {isa = PBXFileReference; lastKnownFileType = file.xib; path = CreationView.xib; sourceTree = "<group>"; };
		EB632E2D22634DDE004359A1 /* CreationRouter.swift */ = {isa = PBXFileReference; lastKnownFileType = sourcecode.swift; path = CreationRouter.swift; sourceTree = "<group>"; };
		EB632E2F22635594004359A1 /* Array+Diff.swift */ = {isa = PBXFileReference; lastKnownFileType = sourcecode.swift; path = "Array+Diff.swift"; sourceTree = "<group>"; };
		EB632E3122639209004359A1 /* WordViewController.swift */ = {isa = PBXFileReference; lastKnownFileType = sourcecode.swift; path = WordViewController.swift; sourceTree = "<group>"; };
		EB632E3222639209004359A1 /* WordView.xib */ = {isa = PBXFileReference; lastKnownFileType = file.xib; path = WordView.xib; sourceTree = "<group>"; };
		EB632E352263A0B1004359A1 /* Controller+HideKeyboard.swift */ = {isa = PBXFileReference; lastKnownFileType = sourcecode.swift; path = "Controller+HideKeyboard.swift"; sourceTree = "<group>"; };
		EB6DFD192257E1920058C83A /* RollCell.swift */ = {isa = PBXFileReference; lastKnownFileType = sourcecode.swift; path = RollCell.swift; sourceTree = "<group>"; };
		EB6DFD1A2257E1920058C83A /* RollCell.xib */ = {isa = PBXFileReference; lastKnownFileType = file.xib; path = RollCell.xib; sourceTree = "<group>"; };
		EB7817D5217A1FFF00BA9D50 /* CrosswordCreator.app */ = {isa = PBXFileReference; explicitFileType = wrapper.application; includeInIndex = 0; path = CrosswordCreator.app; sourceTree = BUILT_PRODUCTS_DIR; };
		EB7817D8217A1FFF00BA9D50 /* AppDelegate.swift */ = {isa = PBXFileReference; lastKnownFileType = sourcecode.swift; path = AppDelegate.swift; sourceTree = "<group>"; };
		EB7817DA217A1FFF00BA9D50 /* ListViewController.swift */ = {isa = PBXFileReference; lastKnownFileType = sourcecode.swift; path = ListViewController.swift; sourceTree = "<group>"; };
		EB7817DF217A200000BA9D50 /* Assets.xcassets */ = {isa = PBXFileReference; lastKnownFileType = folder.assetcatalog; path = Assets.xcassets; sourceTree = "<group>"; };
		EB7817E2217A200000BA9D50 /* Base */ = {isa = PBXFileReference; lastKnownFileType = file.storyboard; name = Base; path = Base.lproj/LaunchScreen.storyboard; sourceTree = "<group>"; };
		EB7817E4217A200000BA9D50 /* Info.plist */ = {isa = PBXFileReference; lastKnownFileType = text.plist.xml; path = Info.plist; sourceTree = "<group>"; };
		EB7817EC217A244C00BA9D50 /* ListView.xib */ = {isa = PBXFileReference; lastKnownFileType = file.xib; path = ListView.xib; sourceTree = "<group>"; };
		EB7A57B421E87CAD001E72D2 /* GridDataSource.swift */ = {isa = PBXFileReference; lastKnownFileType = sourcecode.swift; path = GridDataSource.swift; sourceTree = "<group>"; };
		EB8FBBDF2217AAE900F92DDE /* GridInteractor.swift */ = {isa = PBXFileReference; lastKnownFileType = sourcecode.swift; path = GridInteractor.swift; sourceTree = "<group>"; };
		EB8FBBE12217B6C000F92DDE /* RecentsInteractor.swift */ = {isa = PBXFileReference; lastKnownFileType = sourcecode.swift; path = RecentsInteractor.swift; sourceTree = "<group>"; };
		EB8FBBE32217CB2300F92DDE /* CoreDataCoreSpotlightDelegate.swift */ = {isa = PBXFileReference; lastKnownFileType = sourcecode.swift; path = CoreDataCoreSpotlightDelegate.swift; sourceTree = "<group>"; };
		EBD4D885218CDEAB009028B5 /* Model.xcdatamodel */ = {isa = PBXFileReference; lastKnownFileType = wrapper.xcdatamodel; path = Model.xcdatamodel; sourceTree = "<group>"; };
		EBE6B8672194D6CC00B59EE5 /* PersistanceManager.swift */ = {isa = PBXFileReference; lastKnownFileType = sourcecode.swift; path = PersistanceManager.swift; sourceTree = "<group>"; };
		EBE6B8692194D94D00B59EE5 /* ListInteractor.swift */ = {isa = PBXFileReference; lastKnownFileType = sourcecode.swift; path = ListInteractor.swift; sourceTree = "<group>"; };
		EBE867F722416D0E004531E5 /* FillAlertController.swift */ = {isa = PBXFileReference; lastKnownFileType = sourcecode.swift; path = FillAlertController.swift; sourceTree = "<group>"; };
		EBE8680222417BDF004531E5 /* ShareBuilder.swift */ = {isa = PBXFileReference; lastKnownFileType = sourcecode.swift; path = ShareBuilder.swift; sourceTree = "<group>"; };
		EBE9B010222C4EC60007FA91 /* NewRouter.swift */ = {isa = PBXFileReference; lastKnownFileType = sourcecode.swift; path = NewRouter.swift; sourceTree = "<group>"; };
		EBE9B012222C57800007FA91 /* GridRouter.swift */ = {isa = PBXFileReference; lastKnownFileType = sourcecode.swift; path = GridRouter.swift; sourceTree = "<group>"; };
		EBF1EBCC225D214200BBA28D /* NewAlertController.swift */ = {isa = PBXFileReference; fileEncoding = 4; lastKnownFileType = sourcecode.swift; path = NewAlertController.swift; sourceTree = "<group>"; };
		EBF1EBD6225D2DC500BBA28D /* TermsBuilder.swift */ = {isa = PBXFileReference; lastKnownFileType = sourcecode.swift; path = TermsBuilder.swift; sourceTree = "<group>"; };
		EBF1EBD8225D2DEC00BBA28D /* TermsViewController.swift */ = {isa = PBXFileReference; lastKnownFileType = sourcecode.swift; path = TermsViewController.swift; sourceTree = "<group>"; };
		EBF1EBD9225D2DEC00BBA28D /* TermsView.xib */ = {isa = PBXFileReference; lastKnownFileType = file.xib; path = TermsView.xib; sourceTree = "<group>"; };
		EBF1EBDC225D304600BBA28D /* TermsRouter.swift */ = {isa = PBXFileReference; lastKnownFileType = sourcecode.swift; path = TermsRouter.swift; sourceTree = "<group>"; };
		EBF1EBDE225D32DD00BBA28D /* Table+Empty.swift */ = {isa = PBXFileReference; lastKnownFileType = sourcecode.swift; path = "Table+Empty.swift"; sourceTree = "<group>"; };
		EBF1EBE0225D446C00BBA28D /* SubtitleTableViewCell.swift */ = {isa = PBXFileReference; lastKnownFileType = sourcecode.swift; path = SubtitleTableViewCell.swift; sourceTree = "<group>"; };
		EBF1EBE2225D4E2E00BBA28D /* RecentsModuleIO.swift */ = {isa = PBXFileReference; lastKnownFileType = sourcecode.swift; path = RecentsModuleIO.swift; sourceTree = "<group>"; };
/* End PBXFileReference section */

/* Begin PBXFrameworksBuildPhase section */
		EB7817D2217A1FFF00BA9D50 /* Frameworks */ = {
			isa = PBXFrameworksBuildPhase;
			buildActionMask = 2147483647;
			files = (
			);
			runOnlyForDeploymentPostprocessing = 0;
		};
/* End PBXFrameworksBuildPhase section */

/* Begin PBXGroup section */
		EB002D27218CC32300A89806 /* Common */ = {
			isa = PBXGroup;
			children = (
				EB214F2B2218D80800D1C3A0 /* Alien */,
				EB3CBF782234311A0043E8FB /* AlertsFactory.swift */,
				EB8FBBE32217CB2300F92DDE /* CoreDataCoreSpotlightDelegate.swift */,
				EBE6B8672194D6CC00B59EE5 /* PersistanceManager.swift */,
				EB214F292218D7FE00D1C3A0 /* RoundButton.swift */,
				EB3CBF492233DB130043E8FB /* ShortcutIdentifier.swift */,
				EB002D28218CC34100A89806 /* TransitionHandler.swift */,
				EB3CBF8C223B3DA70043E8FB /* FileExtension.swift */,
				EBF1EBE0225D446C00BBA28D /* SubtitleTableViewCell.swift */,
				EB3CBF622233ED3C0043E8FB /* RAWWord.swift */,
			);
			path = Common;
			sourceTree = "<group>";
		};
		EB1CD98121962484005E9BB8 /* Main */ = {
			isa = PBXGroup;
			children = (
				EB1CD98621962579005E9BB8 /* MainBuilder.swift */,
				EB1CD98A219F2FF3005E9BB8 /* MainViewController.swift */,
			);
			path = Main;
			sourceTree = "<group>";
		};
		EB1CD98C21A07EBD005E9BB8 /* Recents */ = {
			isa = PBXGroup;
			children = (
				EB3CBF83223B31D20043E8FB /* Cell */,
				EB1CD98D21A07ED8005E9BB8 /* RecentsBuilder.swift */,
				EB8FBBE12217B6C000F92DDE /* RecentsInteractor.swift */,
				EB3CBF8A223B389E0043E8FB /* RecentsRouter.swift */,
				EB1CD98F21A07EED005E9BB8 /* RecentsViewController.swift */,
				EB1CD99121A08089005E9BB8 /* RecentsView.xib */,
				EBF1EBE2225D4E2E00BBA28D /* RecentsModuleIO.swift */,
			);
			path = Recents;
			sourceTree = "<group>";
		};
		EB1CD99321A0860A005E9BB8 /* Grid */ = {
			isa = PBXGroup;
			children = (
				EB3055FD21F8ECD000E9F6EE /* Cell */,
				EB1CD99621A0865B005E9BB8 /* GridBuilder.swift */,
				EB7A57B421E87CAD001E72D2 /* GridDataSource.swift */,
				EBE9B012222C57800007FA91 /* GridRouter.swift */,
				EB8FBBDF2217AAE900F92DDE /* GridInteractor.swift */,
				EB1CD99821A0868E005E9BB8 /* GridViewController.swift */,
				EB1CD99421A08642005E9BB8 /* GridView.xib */,
			);
			path = Grid;
			sourceTree = "<group>";
		};
		EB214F1C2218BC0100D1C3A0 /* Services */ = {
			isa = PBXGroup;
			children = (
				EB214F1D2218BD3300D1C3A0 /* XmlService.swift */,
			);
			path = Services;
			sourceTree = "<group>";
		};
		EB214F2B2218D80800D1C3A0 /* Alien */ = {
			isa = PBXGroup;
			children = (
				EB2734242206E6B700ABAC20 /* Array2D.swift */,
				EB2734262206E6BE00ABAC20 /* ArrayShuffle.swift */,
				EB2734282206E6C300ABAC20 /* CrosswordsGenerator.swift */,
				EB3CBF572233EC300043E8FB /* DecodingErrorExtension.swift */,
				EB214F1F2218C21400D1C3A0 /* Document.swift */,
				EB214F212218C24000D1C3A0 /* Element.swift */,
				EB3CBF6A2233F02D0043E8FB /* EncodingErrorExtension.swift */,
				EB214F232218C25800D1C3A0 /* Error.swift */,
				EB3CBF4B2233EBF10043E8FB /* ISO8601DateFormatter.swift */,
				EB30560421F8F1B700E9F6EE /* NodeLayout.swift */,
				EB214F252218C26B00D1C3A0 /* Options.swift */,
				EB214F272218C28100D1C3A0 /* Parser.swift */,
				EB27342E2206FCBB00ABAC20 /* ScrollViewImager.swift */,
				EB3CBF592233EC330043E8FB /* XMLDecoder.swift */,
				EB3CBF5B2233EC350043E8FB /* XMLDecodingStorage.swift */,
				EB3CBF642233F0210043E8FB /* XMLEncoder.swift */,
				EB3CBF662233F0250043E8FB /* XMLEncodingStorage.swift */,
				EB3CBF4D2233EBF80043E8FB /* XMLKey.swift */,
				EB3CBF5D2233EC380043E8FB /* XMLKeyedDecodingContainer.swift */,
				EB3CBF682233F0290043E8FB /* XMLReferencingEncoder.swift */,
				EB3CBF4F2233EC010043E8FB /* XMLStackParser.swift */,
				EB3CBF5F2233EC3B0043E8FB /* XMLUnkeyedDecodingContainer.swift */,
			);
			path = Alien;
			sourceTree = "<group>";
		};
		EB214F2C221980A000D1C3A0 /* New */ = {
			isa = PBXGroup;
			children = (
				EB214F2D221980AB00D1C3A0 /* NewBuilder.swift */,
				EBE9B010222C4EC60007FA91 /* NewRouter.swift */,
				EBF1EBCC225D214200BBA28D /* NewAlertController.swift */,
			);
			path = New;
			sourceTree = "<group>";
		};
		EB214F33221983EF00D1C3A0 /* Help */ = {
			isa = PBXGroup;
			children = (
				EB214F342219840100D1C3A0 /* HelpBuilder.swift */,
				EB214F362219840F00D1C3A0 /* HelpViewController.swift */,
				EB214F372219840F00D1C3A0 /* HelpViewController.xib */,
			);
			path = Help;
			sourceTree = "<group>";
		};
		EB21C4F621876E710074A21B /* Extensions */ = {
			isa = PBXGroup;
			children = (
				EB002D2A218CC46B00A89806 /* Controller+TransitionHandler.swift */,
				EB21C4F421876DBF0074A21B /* String+IsEmptyOrWhitespace.swift */,
				EB27342A2206F58A00ABAC20 /* String+Subscript.swift */,
				EBF1EBDE225D32DD00BBA28D /* Table+Empty.swift */,
				EB632E2F22635594004359A1 /* Array+Diff.swift */,
				EB632E352263A0B1004359A1 /* Controller+HideKeyboard.swift */,
			);
			path = Extensions;
			sourceTree = "<group>";
		};
		EB21C4FC218775490074A21B /* Word */ = {
			isa = PBXGroup;
			children = (
				EB21C4FA218771A30074A21B /* Word.swift */,
				EB002D25218CC05C00A89806 /* WordBuilder.swift */,
				EB632E3122639209004359A1 /* WordViewController.swift */,
				EB632E3222639209004359A1 /* WordView.xib */,
			);
			path = Word;
			sourceTree = "<group>";
		};
		EB21C4FF218788EF0074A21B /* Cell */ = {
			isa = PBXGroup;
			children = (
				EB21C5002187893A0074A21B /* ListViewCell.swift */,
				EB21C5012187893A0074A21B /* ListViewCell.xib */,
			);
			path = Cell;
			sourceTree = "<group>";
		};
		EB3055FD21F8ECD000E9F6EE /* Cell */ = {
			isa = PBXGroup;
			children = (
				EB3055FE21F8ECEA00E9F6EE /* GridViewCell.swift */,
				EB3055FF21F8ECEA00E9F6EE /* GridViewCell.xib */,
			);
			path = Cell;
			sourceTree = "<group>";
		};
		EB3CBF6C223425910043E8FB /* Fill */ = {
			isa = PBXGroup;
			children = (
				EB3CBF732234274C0043E8FB /* FillBuilder.swift */,
				EB3CBF752234275E0043E8FB /* FillDataSource.swift */,
				EB3CBF71223427380043E8FB /* FillRouter.swift */,
				EBE867F722416D0E004531E5 /* FillAlertController.swift */,
				EB3CBF6D223425A10043E8FB /* FillViewController.swift */,
				EB3CBF6E223425A10043E8FB /* FillView.xib */,
			);
			path = Fill;
			sourceTree = "<group>";
		};
		EB3CBF772234308A0043E8FB /* Modules */ = {
			isa = PBXGroup;
			children = (
				EB632E2622634015004359A1 /* Creation */,
				EB3CBF6C223425910043E8FB /* Fill */,
				EB1CD99321A0860A005E9BB8 /* Grid */,
				EB214F33221983EF00D1C3A0 /* Help */,
				EB7817EB217A241400BA9D50 /* List */,
				EB1CD98121962484005E9BB8 /* Main */,
				EB214F2C221980A000D1C3A0 /* New */,
				EB1CD98C21A07EBD005E9BB8 /* Recents */,
				EB3CBF7A223477690043E8FB /* Roll */,
				EB3CBF82223B29EC0043E8FB /* Save */,
				EBE8680122417BD0004531E5 /* Share */,
				EBF1EBD5225D2DB600BBA28D /* Terms */,
				EB21C4FC218775490074A21B /* Word */,
			);
			path = Modules;
			sourceTree = "<group>";
		};
		EB3CBF7A223477690043E8FB /* Roll */ = {
			isa = PBXGroup;
			children = (
				EB3CBF7C223478020043E8FB /* RollBuilder.swift */,
				EB3CBF7E2234785F0043E8FB /* RollViewController.swift */,
				EB3CBF7F2234785F0043E8FB /* RollView.xib */,
				EB6DFD192257E1920058C83A /* RollCell.swift */,
				EB6DFD1A2257E1920058C83A /* RollCell.xib */,
			);
			path = Roll;
			sourceTree = "<group>";
		};
		EB3CBF82223B29EC0043E8FB /* Save */ = {
			isa = PBXGroup;
			children = (
				EB214F1822182A6B00D1C3A0 /* SaveAlertController.swift */,
			);
			path = Save;
			sourceTree = "<group>";
		};
		EB3CBF83223B31D20043E8FB /* Cell */ = {
			isa = PBXGroup;
			children = (
				EB3CBF86223B32250043E8FB /* RecentsCell.swift */,
				EB3CBF87223B32250043E8FB /* RecentsCell.xib */,
			);
			path = Cell;
			sourceTree = "<group>";
		};
		EB632E2622634015004359A1 /* Creation */ = {
			isa = PBXGroup;
			children = (
				EB632E2722634037004359A1 /* CreationBuilder.swift */,
				EB632E2D22634DDE004359A1 /* CreationRouter.swift */,
				EB632E2922634282004359A1 /* CreationViewController.swift */,
				EB632E2A22634282004359A1 /* CreationView.xib */,
			);
			path = Creation;
			sourceTree = "<group>";
		};
		EB7817CC217A1FFF00BA9D50 = {
			isa = PBXGroup;
			children = (
				EB7817D7217A1FFF00BA9D50 /* CrosswordCreator */,
				EB7817D6217A1FFF00BA9D50 /* Products */,
			);
			sourceTree = "<group>";
		};
		EB7817D6217A1FFF00BA9D50 /* Products */ = {
			isa = PBXGroup;
			children = (
				EB7817D5217A1FFF00BA9D50 /* CrosswordCreator.app */,
			);
			name = Products;
			sourceTree = "<group>";
		};
		EB7817D7217A1FFF00BA9D50 /* CrosswordCreator */ = {
			isa = PBXGroup;
			children = (
				EB7817E4217A200000BA9D50 /* Info.plist */,
				EB7817D8217A1FFF00BA9D50 /* AppDelegate.swift */,
				EB7817DF217A200000BA9D50 /* Assets.xcassets */,
				EB002D27218CC32300A89806 /* Common */,
				EB21C4F621876E710074A21B /* Extensions */,
				EB7817E1217A200000BA9D50 /* LaunchScreen.storyboard */,
				EBD4D884218CDEAB009028B5 /* Model.xcdatamodeld */,
				EB3CBF772234308A0043E8FB /* Modules */,
				EB214F1C2218BC0100D1C3A0 /* Services */,
			);
			path = CrosswordCreator;
			sourceTree = "<group>";
		};
		EB7817EB217A241400BA9D50 /* List */ = {
			isa = PBXGroup;
			children = (
				EB21C4FF218788EF0074A21B /* Cell */,
				EB002D1F218CB83700A89806 /* ListBuilder.swift */,
				EB002D2C218CC8CC00A89806 /* ListDataSource.swift */,
				EB002D23218CBF9400A89806 /* ListRouter.swift */,
				EBE6B8692194D94D00B59EE5 /* ListInteractor.swift */,
				EB7817DA217A1FFF00BA9D50 /* ListViewController.swift */,
				EB7817EC217A244C00BA9D50 /* ListView.xib */,
			);
			path = List;
			sourceTree = "<group>";
		};
		EBE8680122417BD0004531E5 /* Share */ = {
			isa = PBXGroup;
			children = (
				EBE8680222417BDF004531E5 /* ShareBuilder.swift */,
			);
			path = Share;
			sourceTree = "<group>";
		};
		EBF1EBD5225D2DB600BBA28D /* Terms */ = {
			isa = PBXGroup;
			children = (
				EBF1EBD6225D2DC500BBA28D /* TermsBuilder.swift */,
				EBF1EBDC225D304600BBA28D /* TermsRouter.swift */,
				EBF1EBD8225D2DEC00BBA28D /* TermsViewController.swift */,
				EBF1EBD9225D2DEC00BBA28D /* TermsView.xib */,
			);
			path = Terms;
			sourceTree = "<group>";
		};
/* End PBXGroup section */

/* Begin PBXNativeTarget section */
		EB7817D4217A1FFF00BA9D50 /* CrosswordCreator */ = {
			isa = PBXNativeTarget;
			buildConfigurationList = EB7817E7217A200000BA9D50 /* Build configuration list for PBXNativeTarget "CrosswordCreator" */;
			buildPhases = (
				EB7817D1217A1FFF00BA9D50 /* Sources */,
				EB7817D2217A1FFF00BA9D50 /* Frameworks */,
				EB7817D3217A1FFF00BA9D50 /* Resources */,
			);
			buildRules = (
			);
			dependencies = (
			);
			name = CrosswordCreator;
			productName = CrosswordCreator;
			productReference = EB7817D5217A1FFF00BA9D50 /* CrosswordCreator.app */;
			productType = "com.apple.product-type.application";
		};
/* End PBXNativeTarget section */

/* Begin PBXProject section */
		EB7817CD217A1FFF00BA9D50 /* Project object */ = {
			isa = PBXProject;
			attributes = {
				LastSwiftUpdateCheck = 1000;
				LastUpgradeCheck = 1000;
				ORGANIZATIONNAME = "Oleg Samoylov";
				TargetAttributes = {
					EB7817D4217A1FFF00BA9D50 = {
						CreatedOnToolsVersion = 10.0;
						LastSwiftMigration = 1020;
					};
				};
			};
			buildConfigurationList = EB7817D0217A1FFF00BA9D50 /* Build configuration list for PBXProject "CrosswordCreator" */;
			compatibilityVersion = "Xcode 9.3";
			developmentRegion = en;
			hasScannedForEncodings = 0;
			knownRegions = (
				en,
				Base,
			);
			mainGroup = EB7817CC217A1FFF00BA9D50;
			productRefGroup = EB7817D6217A1FFF00BA9D50 /* Products */;
			projectDirPath = "";
			projectRoot = "";
			targets = (
				EB7817D4217A1FFF00BA9D50 /* CrosswordCreator */,
			);
		};
/* End PBXProject section */

/* Begin PBXResourcesBuildPhase section */
		EB7817D3217A1FFF00BA9D50 /* Resources */ = {
			isa = PBXResourcesBuildPhase;
			buildActionMask = 2147483647;
			files = (
				EB632E2C22634282004359A1 /* CreationView.xib in Resources */,
				EB21C5032187893A0074A21B /* ListViewCell.xib in Resources */,
				EB214F392219840F00D1C3A0 /* HelpViewController.xib in Resources */,
				EB7817E3217A200000BA9D50 /* LaunchScreen.storyboard in Resources */,
				EB30560121F8ECEA00E9F6EE /* GridViewCell.xib in Resources */,
				EB7817E0217A200000BA9D50 /* Assets.xcassets in Resources */,
				EBF1EBDB225D2DEC00BBA28D /* TermsView.xib in Resources */,
				EB6DFD1C2257E1920058C83A /* RollCell.xib in Resources */,
				EB3CBF89223B32250043E8FB /* RecentsCell.xib in Resources */,
				EB7817ED217A244C00BA9D50 /* ListView.xib in Resources */,
				EB3CBF812234785F0043E8FB /* RollView.xib in Resources */,
				EB1CD99521A08642005E9BB8 /* GridView.xib in Resources */,
				EB632E3422639209004359A1 /* WordView.xib in Resources */,
				EB3CBF70223425A10043E8FB /* FillView.xib in Resources */,
				EB1CD99221A08089005E9BB8 /* RecentsView.xib in Resources */,
			);
			runOnlyForDeploymentPostprocessing = 0;
		};
/* End PBXResourcesBuildPhase section */

/* Begin PBXSourcesBuildPhase section */
		EB7817D1217A1FFF00BA9D50 /* Sources */ = {
			isa = PBXSourcesBuildPhase;
			buildActionMask = 2147483647;
			files = (
				EB214F382219840F00D1C3A0 /* HelpViewController.swift in Sources */,
				EB632E2822634037004359A1 /* CreationBuilder.swift in Sources */,
				EB1CD99021A07EED005E9BB8 /* RecentsViewController.swift in Sources */,
				EBF1EBE1225D446D00BBA28D /* SubtitleTableViewCell.swift in Sources */,
				EB27342B2206F58A00ABAC20 /* String+Subscript.swift in Sources */,
				EB21C4F521876DBF0074A21B /* String+IsEmptyOrWhitespace.swift in Sources */,
				EB632E2E22634DDE004359A1 /* CreationRouter.swift in Sources */,
				EB2734272206E6BE00ABAC20 /* ArrayShuffle.swift in Sources */,
				EBF1EBD7225D2DC500BBA28D /* TermsBuilder.swift in Sources */,
				EB214F222218C24000D1C3A0 /* Element.swift in Sources */,
				EB2734292206E6C300ABAC20 /* CrosswordsGenerator.swift in Sources */,
				EB002D2B218CC46B00A89806 /* Controller+TransitionHandler.swift in Sources */,
				EB3CBF582233EC300043E8FB /* DecodingErrorExtension.swift in Sources */,
				EB3CBF7D223478020043E8FB /* RollBuilder.swift in Sources */,
				EB3CBF672233F0250043E8FB /* XMLEncodingStorage.swift in Sources */,
				EBE867F822416D0E004531E5 /* FillAlertController.swift in Sources */,
				EB1CD98721962579005E9BB8 /* MainBuilder.swift in Sources */,
				EBF1EBDA225D2DEC00BBA28D /* TermsViewController.swift in Sources */,
				EB3CBF4C2233EBF10043E8FB /* ISO8601DateFormatter.swift in Sources */,
				EB3CBF692233F0290043E8FB /* XMLReferencingEncoder.swift in Sources */,
				EB3CBF8D223B3DA70043E8FB /* FileExtension.swift in Sources */,
				EB8FBBE22217B6C000F92DDE /* RecentsInteractor.swift in Sources */,
				EB3CBF792234311A0043E8FB /* AlertsFactory.swift in Sources */,
				EB30560021F8ECEA00E9F6EE /* GridViewCell.swift in Sources */,
				EB632E3022635594004359A1 /* Array+Diff.swift in Sources */,
				EBF1EBCD225D214200BBA28D /* NewAlertController.swift in Sources */,
				EB6DFD1B2257E1920058C83A /* RollCell.swift in Sources */,
				EB3CBF72223427380043E8FB /* FillRouter.swift in Sources */,
				EB3CBF4E2233EBF80043E8FB /* XMLKey.swift in Sources */,
				EB632E3322639209004359A1 /* WordViewController.swift in Sources */,
				EB3CBF4A2233DB130043E8FB /* ShortcutIdentifier.swift in Sources */,
				EB214F282218C28100D1C3A0 /* Parser.swift in Sources */,
				EB8FBBE42217CB2300F92DDE /* CoreDataCoreSpotlightDelegate.swift in Sources */,
				EBF1EBDF225D32DD00BBA28D /* Table+Empty.swift in Sources */,
				EB632E362263A0B1004359A1 /* Controller+HideKeyboard.swift in Sources */,
				EB7817DB217A1FFF00BA9D50 /* ListViewController.swift in Sources */,
				EBE9B011222C4EC60007FA91 /* NewRouter.swift in Sources */,
				EBE8680322417BDF004531E5 /* ShareBuilder.swift in Sources */,
				EB3CBF602233EC3B0043E8FB /* XMLUnkeyedDecodingContainer.swift in Sources */,
				EBE6B8682194D6CC00B59EE5 /* PersistanceManager.swift in Sources */,
				EB1CD99921A0868E005E9BB8 /* GridViewController.swift in Sources */,
				EB214F1922182A6B00D1C3A0 /* SaveAlertController.swift in Sources */,
				EB214F262218C26B00D1C3A0 /* Options.swift in Sources */,
				EBF1EBDD225D304600BBA28D /* TermsRouter.swift in Sources */,
				EB002D24218CBF9400A89806 /* ListRouter.swift in Sources */,
				EB7817D9217A1FFF00BA9D50 /* AppDelegate.swift in Sources */,
				EB214F1E2218BD3300D1C3A0 /* XmlService.swift in Sources */,
				EB3CBF6B2233F02D0043E8FB /* EncodingErrorExtension.swift in Sources */,
				EB30560521F8F1B700E9F6EE /* NodeLayout.swift in Sources */,
				EB3CBF5E2233EC380043E8FB /* XMLKeyedDecodingContainer.swift in Sources */,
				EB27342F2206FCBB00ABAC20 /* ScrollViewImager.swift in Sources */,
				EB002D2D218CC8CC00A89806 /* ListDataSource.swift in Sources */,
				EB21C5022187893A0074A21B /* ListViewCell.swift in Sources */,
				EB1CD98E21A07ED8005E9BB8 /* RecentsBuilder.swift in Sources */,
				EB002D20218CB83700A89806 /* ListBuilder.swift in Sources */,
				EBE6B86A2194D94D00B59EE5 /* ListInteractor.swift in Sources */,
				EBD4D886218CDEAB009028B5 /* Model.xcdatamodeld in Sources */,
				EB3CBF5A2233EC330043E8FB /* XMLDecoder.swift in Sources */,
				EB002D29218CC34100A89806 /* TransitionHandler.swift in Sources */,
				EB3CBF632233ED3C0043E8FB /* RAWWord.swift in Sources */,
				EB3CBF5C2233EC350043E8FB /* XMLDecodingStorage.swift in Sources */,
				EB3CBF762234275E0043E8FB /* FillDataSource.swift in Sources */,
				EB2734252206E6B700ABAC20 /* Array2D.swift in Sources */,
				EB7A57B521E87CAD001E72D2 /* GridDataSource.swift in Sources */,
				EB214F2A2218D7FE00D1C3A0 /* RoundButton.swift in Sources */,
				EB21C4FB218771A30074A21B /* Word.swift in Sources */,
				EB3CBF742234274C0043E8FB /* FillBuilder.swift in Sources */,
				EB214F2E221980AB00D1C3A0 /* NewBuilder.swift in Sources */,
				EB3CBF502233EC010043E8FB /* XMLStackParser.swift in Sources */,
				EB3CBF652233F0210043E8FB /* XMLEncoder.swift in Sources */,
				EBE9B013222C57800007FA91 /* GridRouter.swift in Sources */,
				EB1CD99721A0865B005E9BB8 /* GridBuilder.swift in Sources */,
				EBF1EBE3225D4E2E00BBA28D /* RecentsModuleIO.swift in Sources */,
				EB3CBF8B223B389E0043E8FB /* RecentsRouter.swift in Sources */,
				EB8FBBE02217AAE900F92DDE /* GridInteractor.swift in Sources */,
				EB3CBF6F223425A10043E8FB /* FillViewController.swift in Sources */,
				EB214F202218C21400D1C3A0 /* Document.swift in Sources */,
				EB3CBF802234785F0043E8FB /* RollViewController.swift in Sources */,
				EB214F352219840100D1C3A0 /* HelpBuilder.swift in Sources */,
				EB002D26218CC05C00A89806 /* WordBuilder.swift in Sources */,
				EB214F242218C25800D1C3A0 /* Error.swift in Sources */,
				EB3CBF88223B32250043E8FB /* RecentsCell.swift in Sources */,
				EB1CD98B219F2FF3005E9BB8 /* MainViewController.swift in Sources */,
				EB632E2B22634282004359A1 /* CreationViewController.swift in Sources */,
			);
			runOnlyForDeploymentPostprocessing = 0;
		};
/* End PBXSourcesBuildPhase section */

/* Begin PBXVariantGroup section */
		EB7817E1217A200000BA9D50 /* LaunchScreen.storyboard */ = {
			isa = PBXVariantGroup;
			children = (
				EB7817E2217A200000BA9D50 /* Base */,
			);
			name = LaunchScreen.storyboard;
			sourceTree = "<group>";
		};
/* End PBXVariantGroup section */

/* Begin XCBuildConfiguration section */
		EB7817E5217A200000BA9D50 /* Debug */ = {
			isa = XCBuildConfiguration;
			buildSettings = {
				ALWAYS_SEARCH_USER_PATHS = NO;
				CLANG_ANALYZER_NONNULL = YES;
				CLANG_ANALYZER_NUMBER_OBJECT_CONVERSION = YES_AGGRESSIVE;
				CLANG_CXX_LANGUAGE_STANDARD = "gnu++14";
				CLANG_CXX_LIBRARY = "libc++";
				CLANG_ENABLE_MODULES = YES;
				CLANG_ENABLE_OBJC_ARC = YES;
				CLANG_ENABLE_OBJC_WEAK = YES;
				CLANG_WARN_BLOCK_CAPTURE_AUTORELEASING = YES;
				CLANG_WARN_BOOL_CONVERSION = YES;
				CLANG_WARN_COMMA = YES;
				CLANG_WARN_CONSTANT_CONVERSION = YES;
				CLANG_WARN_DEPRECATED_OBJC_IMPLEMENTATIONS = YES;
				CLANG_WARN_DIRECT_OBJC_ISA_USAGE = YES_ERROR;
				CLANG_WARN_DOCUMENTATION_COMMENTS = YES;
				CLANG_WARN_EMPTY_BODY = YES;
				CLANG_WARN_ENUM_CONVERSION = YES;
				CLANG_WARN_INFINITE_RECURSION = YES;
				CLANG_WARN_INT_CONVERSION = YES;
				CLANG_WARN_NON_LITERAL_NULL_CONVERSION = YES;
				CLANG_WARN_OBJC_IMPLICIT_RETAIN_SELF = YES;
				CLANG_WARN_OBJC_LITERAL_CONVERSION = YES;
				CLANG_WARN_OBJC_ROOT_CLASS = YES_ERROR;
				CLANG_WARN_RANGE_LOOP_ANALYSIS = YES;
				CLANG_WARN_STRICT_PROTOTYPES = YES;
				CLANG_WARN_SUSPICIOUS_MOVE = YES;
				CLANG_WARN_UNGUARDED_AVAILABILITY = YES_AGGRESSIVE;
				CLANG_WARN_UNREACHABLE_CODE = YES;
				CLANG_WARN__DUPLICATE_METHOD_MATCH = YES;
				CODE_SIGN_IDENTITY = "iPhone Developer";
				COPY_PHASE_STRIP = NO;
				DEBUG_INFORMATION_FORMAT = dwarf;
				ENABLE_BITCODE = NO;
				ENABLE_STRICT_OBJC_MSGSEND = YES;
				ENABLE_TESTABILITY = YES;
				GCC_C_LANGUAGE_STANDARD = gnu11;
				GCC_DYNAMIC_NO_PIC = NO;
				GCC_NO_COMMON_BLOCKS = YES;
				GCC_OPTIMIZATION_LEVEL = 0;
				GCC_PREPROCESSOR_DEFINITIONS = (
					"DEBUG=1",
					"$(inherited)",
				);
				GCC_WARN_64_TO_32_BIT_CONVERSION = YES;
				GCC_WARN_ABOUT_RETURN_TYPE = YES_ERROR;
				GCC_WARN_UNDECLARED_SELECTOR = YES;
				GCC_WARN_UNINITIALIZED_AUTOS = YES_AGGRESSIVE;
				GCC_WARN_UNUSED_FUNCTION = YES;
				GCC_WARN_UNUSED_VARIABLE = YES;
				IPHONEOS_DEPLOYMENT_TARGET = 12.0;
				MTL_ENABLE_DEBUG_INFO = INCLUDE_SOURCE;
				MTL_FAST_MATH = YES;
				ONLY_ACTIVE_ARCH = YES;
				SDKROOT = iphoneos;
				SWIFT_ACTIVE_COMPILATION_CONDITIONS = DEBUG;
				SWIFT_OPTIMIZATION_LEVEL = "-Onone";
			};
			name = Debug;
		};
		EB7817E6217A200000BA9D50 /* Release */ = {
			isa = XCBuildConfiguration;
			buildSettings = {
				ALWAYS_SEARCH_USER_PATHS = NO;
				CLANG_ANALYZER_NONNULL = YES;
				CLANG_ANALYZER_NUMBER_OBJECT_CONVERSION = YES_AGGRESSIVE;
				CLANG_CXX_LANGUAGE_STANDARD = "gnu++14";
				CLANG_CXX_LIBRARY = "libc++";
				CLANG_ENABLE_MODULES = YES;
				CLANG_ENABLE_OBJC_ARC = YES;
				CLANG_ENABLE_OBJC_WEAK = YES;
				CLANG_WARN_BLOCK_CAPTURE_AUTORELEASING = YES;
				CLANG_WARN_BOOL_CONVERSION = YES;
				CLANG_WARN_COMMA = YES;
				CLANG_WARN_CONSTANT_CONVERSION = YES;
				CLANG_WARN_DEPRECATED_OBJC_IMPLEMENTATIONS = YES;
				CLANG_WARN_DIRECT_OBJC_ISA_USAGE = YES_ERROR;
				CLANG_WARN_DOCUMENTATION_COMMENTS = YES;
				CLANG_WARN_EMPTY_BODY = YES;
				CLANG_WARN_ENUM_CONVERSION = YES;
				CLANG_WARN_INFINITE_RECURSION = YES;
				CLANG_WARN_INT_CONVERSION = YES;
				CLANG_WARN_NON_LITERAL_NULL_CONVERSION = YES;
				CLANG_WARN_OBJC_IMPLICIT_RETAIN_SELF = YES;
				CLANG_WARN_OBJC_LITERAL_CONVERSION = YES;
				CLANG_WARN_OBJC_ROOT_CLASS = YES_ERROR;
				CLANG_WARN_RANGE_LOOP_ANALYSIS = YES;
				CLANG_WARN_STRICT_PROTOTYPES = YES;
				CLANG_WARN_SUSPICIOUS_MOVE = YES;
				CLANG_WARN_UNGUARDED_AVAILABILITY = YES_AGGRESSIVE;
				CLANG_WARN_UNREACHABLE_CODE = YES;
				CLANG_WARN__DUPLICATE_METHOD_MATCH = YES;
				CODE_SIGN_IDENTITY = "iPhone Developer";
				COPY_PHASE_STRIP = NO;
				DEBUG_INFORMATION_FORMAT = "dwarf-with-dsym";
				ENABLE_BITCODE = NO;
				ENABLE_NS_ASSERTIONS = NO;
				ENABLE_STRICT_OBJC_MSGSEND = YES;
				GCC_C_LANGUAGE_STANDARD = gnu11;
				GCC_NO_COMMON_BLOCKS = YES;
				GCC_WARN_64_TO_32_BIT_CONVERSION = YES;
				GCC_WARN_ABOUT_RETURN_TYPE = YES_ERROR;
				GCC_WARN_UNDECLARED_SELECTOR = YES;
				GCC_WARN_UNINITIALIZED_AUTOS = YES_AGGRESSIVE;
				GCC_WARN_UNUSED_FUNCTION = YES;
				GCC_WARN_UNUSED_VARIABLE = YES;
				IPHONEOS_DEPLOYMENT_TARGET = 12.0;
				MTL_ENABLE_DEBUG_INFO = NO;
				MTL_FAST_MATH = YES;
				SDKROOT = iphoneos;
				SWIFT_COMPILATION_MODE = wholemodule;
				SWIFT_OPTIMIZATION_LEVEL = "-O";
				VALIDATE_PRODUCT = YES;
			};
			name = Release;
		};
		EB7817E8217A200000BA9D50 /* Debug */ = {
			isa = XCBuildConfiguration;
			buildSettings = {
				ASSETCATALOG_COMPILER_APPICON_NAME = AppIcon;
				CODE_SIGN_IDENTITY = "iPhone Developer";
				CODE_SIGN_STYLE = Automatic;
				DEVELOPMENT_TEAM = B2FMGUSH44;
				INFOPLIST_FILE = CrosswordCreator/Info.plist;
				LD_RUNPATH_SEARCH_PATHS = (
					"$(inherited)",
					"@executable_path/Frameworks",
				);
				PRODUCT_BUNDLE_IDENTIFIER = com.olejiksa.CrosswordCreator;
				PRODUCT_NAME = "$(TARGET_NAME)";
				PROVISIONING_PROFILE_SPECIFIER = "";
				SWIFT_VERSION = 5.0;
				TARGETED_DEVICE_FAMILY = "1,2";
			};
			name = Debug;
		};
		EB7817E9217A200000BA9D50 /* Release */ = {
			isa = XCBuildConfiguration;
			buildSettings = {
				ASSETCATALOG_COMPILER_APPICON_NAME = AppIcon;
				CODE_SIGN_IDENTITY = "iPhone Developer";
				CODE_SIGN_STYLE = Automatic;
				DEVELOPMENT_TEAM = B2FMGUSH44;
				INFOPLIST_FILE = CrosswordCreator/Info.plist;
				LD_RUNPATH_SEARCH_PATHS = (
					"$(inherited)",
					"@executable_path/Frameworks",
				);
				PRODUCT_BUNDLE_IDENTIFIER = com.olejiksa.CrosswordCreator;
				PRODUCT_NAME = "$(TARGET_NAME)";
				PROVISIONING_PROFILE_SPECIFIER = "";
				SWIFT_VERSION = 5.0;
				TARGETED_DEVICE_FAMILY = "1,2";
			};
			name = Release;
		};
/* End XCBuildConfiguration section */

/* Begin XCConfigurationList section */
		EB7817D0217A1FFF00BA9D50 /* Build configuration list for PBXProject "CrosswordCreator" */ = {
			isa = XCConfigurationList;
			buildConfigurations = (
				EB7817E5217A200000BA9D50 /* Debug */,
				EB7817E6217A200000BA9D50 /* Release */,
			);
			defaultConfigurationIsVisible = 0;
			defaultConfigurationName = Release;
		};
		EB7817E7217A200000BA9D50 /* Build configuration list for PBXNativeTarget "CrosswordCreator" */ = {
			isa = XCConfigurationList;
			buildConfigurations = (
				EB7817E8217A200000BA9D50 /* Debug */,
				EB7817E9217A200000BA9D50 /* Release */,
			);
			defaultConfigurationIsVisible = 0;
			defaultConfigurationName = Release;
		};
/* End XCConfigurationList section */

/* Begin XCVersionGroup section */
		EBD4D884218CDEAB009028B5 /* Model.xcdatamodeld */ = {
			isa = XCVersionGroup;
			children = (
				EBD4D885218CDEAB009028B5 /* Model.xcdatamodel */,
			);
			currentVersion = EBD4D885218CDEAB009028B5 /* Model.xcdatamodel */;
			path = Model.xcdatamodeld;
			sourceTree = "<group>";
			versionGroupType = wrapper.xcdatamodel;
		};
/* End XCVersionGroup section */
	};
	rootObject = EB7817CD217A1FFF00BA9D50 /* Project object */;
}
